{
    "name": "assets",
    "lockfileVersion": 2,
    "requires": true,
    "packages": {
        "": {
            "dependencies": {
                "phoenix_live_view": "file:../deps/phoenix_live_view"
            }
        },
        "../deps/phoenix_live_view": {
            "version": "0.17.10",
            "license": "MIT"
        },
        "node_modules/phoenix_live_view": {
            "resolved": "../deps/phoenix_live_view",
            "link": true
        }
    },
    "dependencies": {
        "phoenix_live_view": {
            "version": "file:../deps/phoenix_live_view"
        }
    }
}
